
Microsoft Visual Studio Solution File, Format Version 12.00
# Visual Studio 15
VisualStudioVersion = 15.0.28307.645
MinimumVisualStudioVersion = 10.0.40219.1
Project("{FAE04EC0-301F-11D3-BF4B-00C04F79EFBC}") = "Hackaton", "Hackaton\Hackaton.csproj", "{20834273-1F13-4B8C-8D5A-68178DAD3836}"
EndProject
Global
	GlobalSection(SolutionConfigurationPlatforms) = preSolution
		Debug|Any CPU = Debug|Any CPU
		Release|Any CPU = Release|Any CPU
	EndGlobalSection
	GlobalSection(ProjectConfigurationPlatforms) = postSolution
		{20834273-1F13-4B8C-8D5A-68178DAD3836}.Debug|Any CPU.ActiveCfg = Debug|Any CPU
		{20834273-1F13-4B8C-8D5A-68178DAD3836}.Debug|Any CPU.Build.0 = Debug|Any CPU
		{20834273-1F13-4B8C-8D5A-68178DAD3836}.Release|Any CPU.ActiveCfg = Release|Any CPU
		{20834273-1F13-4B8C-8D5A-68178DAD3836}.Release|Any CPU.Build.0 = Release|Any CPU
	EndGlobalSection
	GlobalSection(SolutionProperties) = preSolution
		HideSolutionNode = FALSE
	EndGlobalSection
	GlobalSection(ExtensibilityGlobals) = postSolution
		SolutionGuid = {CE03D0C5-2634-4403-A593-AA6ED34BF704}
	EndGlobalSection
EndGlobal
